// !$*UTF8*$!
{
	archiveVersion = 1;
	classes = {
	};
	objectVersion = 46;
	objects = {

/* Begin PBXBuildFile section */
		C214F92E1CFE7B6600B78F9E /* Main.storyboard in Resources */ = {isa = PBXBuildFile; fileRef = C214F92C1CFE7B6600B78F9E /* Main.storyboard */; };
		C214F9301CFE7B6600B78F9E /* Assets.xcassets in Resources */ = {isa = PBXBuildFile; fileRef = C214F92F1CFE7B6600B78F9E /* Assets.xcassets */; };
		C214F9331CFE7B6600B78F9E /* LaunchScreen.storyboard in Resources */ = {isa = PBXBuildFile; fileRef = C214F9311CFE7B6600B78F9E /* LaunchScreen.storyboard */; };
		C214F93E1CFE7B6600B78F9E /* WYNewsTests.m in Sources */ = {isa = PBXBuildFile; fileRef = C214F93D1CFE7B6600B78F9E /* WYNewsTests.m */; };
		C214F9491CFE7B6600B78F9E /* WYNewsUITests.m in Sources */ = {isa = PBXBuildFile; fileRef = C214F9481CFE7B6600B78F9E /* WYNewsUITests.m */; };
		C214F97D1CFEC8B100B78F9E /* UIImage+color.m in Sources */ = {isa = PBXBuildFile; fileRef = C214F96D1CFEC8B100B78F9E /* UIImage+color.m */; };
		C214F97E1CFEC8B100B78F9E /* UIView+Extension.m in Sources */ = {isa = PBXBuildFile; fileRef = C214F96F1CFEC8B100B78F9E /* UIView+Extension.m */; };
		C214F97F1CFEC8B100B78F9E /* WYMainViewController.m in Sources */ = {isa = PBXBuildFile; fileRef = C214F9721CFEC8B100B78F9E /* WYMainViewController.m */; };
		C214F9801CFEC8B100B78F9E /* WYNavigationController.m in Sources */ = {isa = PBXBuildFile; fileRef = C214F9741CFEC8B100B78F9E /* WYNavigationController.m */; };
		C214F9811CFEC8B100B78F9E /* AppDelegate.m in Sources */ = {isa = PBXBuildFile; fileRef = C214F9771CFEC8B100B78F9E /* AppDelegate.m */; };
		C214F9831CFEC8B100B78F9E /* main.m in Sources */ = {isa = PBXBuildFile; fileRef = C214F9791CFEC8B100B78F9E /* main.m */; };
		C214F9841CFEC8B100B78F9E /* WYLeftMenu.m in Sources */ = {isa = PBXBuildFile; fileRef = C214F97C1CFEC8B100B78F9E /* WYLeftMenu.m */; };
		C214F9861CFEC91900B78F9E /* Info.plist in Resources */ = {isa = PBXBuildFile; fileRef = C214F9851CFEC91900B78F9E /* Info.plist */; };
		C214F98F1CFEDCE000B78F9E /* WYTitleView.m in Sources */ = {isa = PBXBuildFile; fileRef = C214F98E1CFEDCE000B78F9E /* WYTitleView.m */; };
		C214F99E1CFEF0B600B78F9E /* WYNewsTableViewController.m in Sources */ = {isa = PBXBuildFile; fileRef = C214F99D1CFEF0B600B78F9E /* WYNewsTableViewController.m */; };
		C214F9A11CFF06DF00B78F9E /* UIBarButtonItem+Extension.m in Sources */ = {isa = PBXBuildFile; fileRef = C214F9A01CFF06DF00B78F9E /* UIBarButtonItem+Extension.m */; };
		C26EE3CC1CFFD6B100CB5E97 /* WYReadingTableViewController.m in Sources */ = {isa = PBXBuildFile; fileRef = C26EE3CB1CFFD6B100CB5E97 /* WYReadingTableViewController.m */; };
		C26EE3CF1D00295B00CB5E97 /* WYLeftMenuButton.m in Sources */ = {isa = PBXBuildFile; fileRef = C26EE3CE1D00295B00CB5E97 /* WYLeftMenuButton.m */; };
		C26EE3D41D005C9300CB5E97 /* WYNavigationBar.m in Sources */ = {isa = PBXBuildFile; fileRef = C26EE3D31D005C9300CB5E97 /* WYNavigationBar.m */; };
		C2AEE7B91D015F630028D511 /* WYRightMenuViewController.m in Sources */ = {isa = PBXBuildFile; fileRef = C2AEE7B71D015F630028D511 /* WYRightMenuViewController.m */; };
		C2AEE7BA1D015F630028D511 /* WYRightMenuViewController.xib in Resources */ = {isa = PBXBuildFile; fileRef = C2AEE7B81D015F630028D511 /* WYRightMenuViewController.xib */; };
		C2AEE7C01D01B2AB0028D511 /* WYRightMenuCenterViewRow.m in Sources */ = {isa = PBXBuildFile; fileRef = C2AEE7BF1D01B2AB0028D511 /* WYRightMenuCenterViewRow.m */; };
		C2AEE7C21D01B2F10028D511 /* WYRightMenuCenterViewRow.xib in Resources */ = {isa = PBXBuildFile; fileRef = C2AEE7C11D01B2F10028D511 /* WYRightMenuCenterViewRow.xib */; };
/* End PBXBuildFile section */

/* Begin PBXContainerItemProxy section */
		C214F93A1CFE7B6600B78F9E /* PBXContainerItemProxy */ = {
			isa = PBXContainerItemProxy;
			containerPortal = C214F9181CFE7B6600B78F9E /* Project object */;
			proxyType = 1;
			remoteGlobalIDString = C214F91F1CFE7B6600B78F9E;
			remoteInfo = WYNews;
		};
		C214F9451CFE7B6600B78F9E /* PBXContainerItemProxy */ = {
			isa = PBXContainerItemProxy;
			containerPortal = C214F9181CFE7B6600B78F9E /* Project object */;
			proxyType = 1;
			remoteGlobalIDString = C214F91F1CFE7B6600B78F9E;
			remoteInfo = WYNews;
		};
/* End PBXContainerItemProxy section */

/* Begin PBXFileReference section */
		C214F9201CFE7B6600B78F9E /* 郭慧峰新闻.app */ = {isa = PBXFileReference; explicitFileType = wrapper.application; includeInIndex = 0; path = "郭慧峰新闻.app"; sourceTree = BUILT_PRODUCTS_DIR; };
		C214F92D1CFE7B6600B78F9E /* Base */ = {isa = PBXFileReference; lastKnownFileType = file.storyboard; name = Base; path = Base.lproj/Main.storyboard; sourceTree = "<group>"; };
		C214F92F1CFE7B6600B78F9E /* Assets.xcassets */ = {isa = PBXFileReference; lastKnownFileType = folder.assetcatalog; path = Assets.xcassets; sourceTree = "<group>"; };
		C214F9321CFE7B6600B78F9E /* Base */ = {isa = PBXFileReference; lastKnownFileType = file.storyboard; name = Base; path = Base.lproj/LaunchScreen.storyboard; sourceTree = "<group>"; };
		C214F9391CFE7B6600B78F9E /* WYNewsTests.xctest */ = {isa = PBXFileReference; explicitFileType = wrapper.cfbundle; includeInIndex = 0; path = WYNewsTests.xctest; sourceTree = BUILT_PRODUCTS_DIR; };
		C214F93D1CFE7B6600B78F9E /* WYNewsTests.m */ = {isa = PBXFileReference; lastKnownFileType = sourcecode.c.objc; path = WYNewsTests.m; sourceTree = "<group>"; };
		C214F93F1CFE7B6600B78F9E /* Info.plist */ = {isa = PBXFileReference; lastKnownFileType = text.plist.xml; path = Info.plist; sourceTree = "<group>"; };
		C214F9441CFE7B6600B78F9E /* WYNewsUITests.xctest */ = {isa = PBXFileReference; explicitFileType = wrapper.cfbundle; includeInIndex = 0; path = WYNewsUITests.xctest; sourceTree = BUILT_PRODUCTS_DIR; };
		C214F9481CFE7B6600B78F9E /* WYNewsUITests.m */ = {isa = PBXFileReference; lastKnownFileType = sourcecode.c.objc; path = WYNewsUITests.m; sourceTree = "<group>"; };
		C214F94A1CFE7B6600B78F9E /* Info.plist */ = {isa = PBXFileReference; lastKnownFileType = text.plist.xml; path = Info.plist; sourceTree = "<group>"; };
		C214F9631CFE858200B78F9E /* PrefixHeader.pch */ = {isa = PBXFileReference; lastKnownFileType = sourcecode.c.h; name = PrefixHeader.pch; path = ../PrefixHeader.pch; sourceTree = "<group>"; };
		C214F96C1CFEC8B100B78F9E /* UIImage+color.h */ = {isa = PBXFileReference; fileEncoding = 4; lastKnownFileType = sourcecode.c.h; path = "UIImage+color.h"; sourceTree = "<group>"; };
		C214F96D1CFEC8B100B78F9E /* UIImage+color.m */ = {isa = PBXFileReference; fileEncoding = 4; lastKnownFileType = sourcecode.c.objc; path = "UIImage+color.m"; sourceTree = "<group>"; };
		C214F96E1CFEC8B100B78F9E /* UIView+Extension.h */ = {isa = PBXFileReference; fileEncoding = 4; lastKnownFileType = sourcecode.c.h; path = "UIView+Extension.h"; sourceTree = "<group>"; };
		C214F96F1CFEC8B100B78F9E /* UIView+Extension.m */ = {isa = PBXFileReference; fileEncoding = 4; lastKnownFileType = sourcecode.c.objc; path = "UIView+Extension.m"; sourceTree = "<group>"; };
		C214F9711CFEC8B100B78F9E /* WYMainViewController.h */ = {isa = PBXFileReference; fileEncoding = 4; lastKnownFileType = sourcecode.c.h; path = WYMainViewController.h; sourceTree = "<group>"; };
		C214F9721CFEC8B100B78F9E /* WYMainViewController.m */ = {isa = PBXFileReference; fileEncoding = 4; lastKnownFileType = sourcecode.c.objc; path = WYMainViewController.m; sourceTree = "<group>"; };
		C214F9731CFEC8B100B78F9E /* WYNavigationController.h */ = {isa = PBXFileReference; fileEncoding = 4; lastKnownFileType = sourcecode.c.h; path = WYNavigationController.h; sourceTree = "<group>"; };
		C214F9741CFEC8B100B78F9E /* WYNavigationController.m */ = {isa = PBXFileReference; fileEncoding = 4; lastKnownFileType = sourcecode.c.objc; path = WYNavigationController.m; sourceTree = "<group>"; };
		C214F9761CFEC8B100B78F9E /* AppDelegate.h */ = {isa = PBXFileReference; fileEncoding = 4; lastKnownFileType = sourcecode.c.h; path = AppDelegate.h; sourceTree = "<group>"; };
		C214F9771CFEC8B100B78F9E /* AppDelegate.m */ = {isa = PBXFileReference; fileEncoding = 4; lastKnownFileType = sourcecode.c.objc; path = AppDelegate.m; sourceTree = "<group>"; };
		C214F9791CFEC8B100B78F9E /* main.m */ = {isa = PBXFileReference; fileEncoding = 4; lastKnownFileType = sourcecode.c.objc; path = main.m; sourceTree = "<group>"; };
		C214F97B1CFEC8B100B78F9E /* WYLeftMenu.h */ = {isa = PBXFileReference; fileEncoding = 4; lastKnownFileType = sourcecode.c.h; path = WYLeftMenu.h; sourceTree = "<group>"; };
		C214F97C1CFEC8B100B78F9E /* WYLeftMenu.m */ = {isa = PBXFileReference; fileEncoding = 4; lastKnownFileType = sourcecode.c.objc; path = WYLeftMenu.m; sourceTree = "<group>"; };
		C214F9851CFEC91900B78F9E /* Info.plist */ = {isa = PBXFileReference; fileEncoding = 4; lastKnownFileType = text.plist.xml; path = Info.plist; sourceTree = "<group>"; };
		C214F98D1CFEDCE000B78F9E /* WYTitleView.h */ = {isa = PBXFileReference; fileEncoding = 4; lastKnownFileType = sourcecode.c.h; path = WYTitleView.h; sourceTree = "<group>"; };
		C214F98E1CFEDCE000B78F9E /* WYTitleView.m */ = {isa = PBXFileReference; fileEncoding = 4; lastKnownFileType = sourcecode.c.objc; path = WYTitleView.m; sourceTree = "<group>"; };
		C214F99C1CFEF0B600B78F9E /* WYNewsTableViewController.h */ = {isa = PBXFileReference; fileEncoding = 4; lastKnownFileType = sourcecode.c.h; path = WYNewsTableViewController.h; sourceTree = "<group>"; };
		C214F99D1CFEF0B600B78F9E /* WYNewsTableViewController.m */ = {isa = PBXFileReference; fileEncoding = 4; lastKnownFileType = sourcecode.c.objc; path = WYNewsTableViewController.m; sourceTree = "<group>"; };
		C214F99F1CFF06DF00B78F9E /* UIBarButtonItem+Extension.h */ = {isa = PBXFileReference; fileEncoding = 4; lastKnownFileType = sourcecode.c.h; path = "UIBarButtonItem+Extension.h"; sourceTree = "<group>"; };
		C214F9A01CFF06DF00B78F9E /* UIBarButtonItem+Extension.m */ = {isa = PBXFileReference; fileEncoding = 4; lastKnownFileType = sourcecode.c.objc; path = "UIBarButtonItem+Extension.m"; sourceTree = "<group>"; };
		C26EE3CA1CFFD6B100CB5E97 /* WYReadingTableViewController.h */ = {isa = PBXFileReference; fileEncoding = 4; lastKnownFileType = sourcecode.c.h; path = WYReadingTableViewController.h; sourceTree = "<group>"; };
		C26EE3CB1CFFD6B100CB5E97 /* WYReadingTableViewController.m */ = {isa = PBXFileReference; fileEncoding = 4; lastKnownFileType = sourcecode.c.objc; path = WYReadingTableViewController.m; sourceTree = "<group>"; };
		C26EE3CD1D00295B00CB5E97 /* WYLeftMenuButton.h */ = {isa = PBXFileReference; fileEncoding = 4; lastKnownFileType = sourcecode.c.h; path = WYLeftMenuButton.h; sourceTree = "<group>"; };
		C26EE3CE1D00295B00CB5E97 /* WYLeftMenuButton.m */ = {isa = PBXFileReference; fileEncoding = 4; lastKnownFileType = sourcecode.c.objc; path = WYLeftMenuButton.m; sourceTree = "<group>"; };
		C26EE3D21D005C9300CB5E97 /* WYNavigationBar.h */ = {isa = PBXFileReference; fileEncoding = 4; lastKnownFileType = sourcecode.c.h; path = WYNavigationBar.h; sourceTree = "<group>"; };
		C26EE3D31D005C9300CB5E97 /* WYNavigationBar.m */ = {isa = PBXFileReference; fileEncoding = 4; lastKnownFileType = sourcecode.c.objc; path = WYNavigationBar.m; sourceTree = "<group>"; };
		C2AEE7B61D015F630028D511 /* WYRightMenuViewController.h */ = {isa = PBXFileReference; fileEncoding = 4; lastKnownFileType = sourcecode.c.h; path = WYRightMenuViewController.h; sourceTree = "<group>"; };
		C2AEE7B71D015F630028D511 /* WYRightMenuViewController.m */ = {isa = PBXFileReference; fileEncoding = 4; lastKnownFileType = sourcecode.c.objc; path = WYRightMenuViewController.m; sourceTree = "<group>"; };
		C2AEE7B81D015F630028D511 /* WYRightMenuViewController.xib */ = {isa = PBXFileReference; fileEncoding = 4; lastKnownFileType = file.xib; name = WYRightMenuViewController.xib; path = ../Controller/WYRightMenuViewController.xib; sourceTree = "<group>"; };
		C2AEE7BE1D01B2AB0028D511 /* WYRightMenuCenterViewRow.h */ = {isa = PBXFileReference; fileEncoding = 4; lastKnownFileType = sourcecode.c.h; path = WYRightMenuCenterViewRow.h; sourceTree = "<group>"; };
		C2AEE7BF1D01B2AB0028D511 /* WYRightMenuCenterViewRow.m */ = {isa = PBXFileReference; fileEncoding = 4; lastKnownFileType = sourcecode.c.objc; path = WYRightMenuCenterViewRow.m; sourceTree = "<group>"; };
		C2AEE7C11D01B2F10028D511 /* WYRightMenuCenterViewRow.xib */ = {isa = PBXFileReference; fileEncoding = 4; lastKnownFileType = file.xib; path = WYRightMenuCenterViewRow.xib; sourceTree = "<group>"; };
/* End PBXFileReference section */

/* Begin PBXFrameworksBuildPhase section */
		C214F91D1CFE7B6600B78F9E /* Frameworks */ = {
			isa = PBXFrameworksBuildPhase;
			buildActionMask = 2147483647;
			files = (
			);
			runOnlyForDeploymentPostprocessing = 0;
		};
		C214F9361CFE7B6600B78F9E /* Frameworks */ = {
			isa = PBXFrameworksBuildPhase;
			buildActionMask = 2147483647;
			files = (
			);
			runOnlyForDeploymentPostprocessing = 0;
		};
		C214F9411CFE7B6600B78F9E /* Frameworks */ = {
			isa = PBXFrameworksBuildPhase;
			buildActionMask = 2147483647;
			files = (
			);
			runOnlyForDeploymentPostprocessing = 0;
		};
/* End PBXFrameworksBuildPhase section */

/* Begin PBXGroup section */
		C214F9171CFE7B6600B78F9E = {
			isa = PBXGroup;
			children = (
				C214F9221CFE7B6600B78F9E /* WYNews */,
				C214F93C1CFE7B6600B78F9E /* WYNewsTests */,
				C214F9471CFE7B6600B78F9E /* WYNewsUITests */,
				C214F9211CFE7B6600B78F9E /* Products */,
			);
			sourceTree = "<group>";
		};
		C214F9211CFE7B6600B78F9E /* Products */ = {
			isa = PBXGroup;
			children = (
				C214F9201CFE7B6600B78F9E /* 郭慧峰新闻.app */,
				C214F9391CFE7B6600B78F9E /* WYNewsTests.xctest */,
				C214F9441CFE7B6600B78F9E /* WYNewsUITests.xctest */,
			);
			name = Products;
			sourceTree = "<group>";
		};
		C214F9221CFE7B6600B78F9E /* WYNews */ = {
			isa = PBXGroup;
			children = (
				C214F96A1CFEC8B100B78F9E /* classes */,
				C214F9751CFEC8B100B78F9E /* Other */,
				C214F92F1CFE7B6600B78F9E /* Assets.xcassets */,
				C214F92C1CFE7B6600B78F9E /* Main.storyboard */,
				C214F9311CFE7B6600B78F9E /* LaunchScreen.storyboard */,
				C214F9231CFE7B6600B78F9E /* Supporting Files */,
			);
			path = WYNews;
			sourceTree = "<group>";
		};
		C214F9231CFE7B6600B78F9E /* Supporting Files */ = {
			isa = PBXGroup;
			children = (
				C214F9851CFEC91900B78F9E /* Info.plist */,
				C214F9631CFE858200B78F9E /* PrefixHeader.pch */,
			);
			name = "Supporting Files";
			sourceTree = "<group>";
		};
		C214F93C1CFE7B6600B78F9E /* WYNewsTests */ = {
			isa = PBXGroup;
			children = (
				C214F93D1CFE7B6600B78F9E /* WYNewsTests.m */,
				C214F93F1CFE7B6600B78F9E /* Info.plist */,
			);
			path = WYNewsTests;
			sourceTree = "<group>";
		};
		C214F9471CFE7B6600B78F9E /* WYNewsUITests */ = {
			isa = PBXGroup;
			children = (
				C214F9481CFE7B6600B78F9E /* WYNewsUITests.m */,
				C214F94A1CFE7B6600B78F9E /* Info.plist */,
			);
			path = WYNewsUITests;
			sourceTree = "<group>";
		};
		C214F96A1CFEC8B100B78F9E /* classes */ = {
			isa = PBXGroup;
			children = (
				C214F96B1CFEC8B100B78F9E /* Category */,
				C214F9701CFEC8B100B78F9E /* Controller */,
				C214F97A1CFEC8B100B78F9E /* View */,
			);
			path = classes;
			sourceTree = "<group>";
		};
		C214F96B1CFEC8B100B78F9E /* Category */ = {
			isa = PBXGroup;
			children = (
				C214F96C1CFEC8B100B78F9E /* UIImage+color.h */,
				C214F96D1CFEC8B100B78F9E /* UIImage+color.m */,
				C214F96E1CFEC8B100B78F9E /* UIView+Extension.h */,
				C214F96F1CFEC8B100B78F9E /* UIView+Extension.m */,
				C214F99F1CFF06DF00B78F9E /* UIBarButtonItem+Extension.h */,
				C214F9A01CFF06DF00B78F9E /* UIBarButtonItem+Extension.m */,
			);
			path = Category;
			sourceTree = "<group>";
		};
		C214F9701CFEC8B100B78F9E /* Controller */ = {
			isa = PBXGroup;
			children = (
				C214F9711CFEC8B100B78F9E /* WYMainViewController.h */,
				C214F9721CFEC8B100B78F9E /* WYMainViewController.m */,
				C214F9731CFEC8B100B78F9E /* WYNavigationController.h */,
				C214F9741CFEC8B100B78F9E /* WYNavigationController.m */,
				C214F99C1CFEF0B600B78F9E /* WYNewsTableViewController.h */,
				C214F99D1CFEF0B600B78F9E /* WYNewsTableViewController.m */,
				C26EE3CA1CFFD6B100CB5E97 /* WYReadingTableViewController.h */,
				C26EE3CB1CFFD6B100CB5E97 /* WYReadingTableViewController.m */,
				C2AEE7B61D015F630028D511 /* WYRightMenuViewController.h */,
				C2AEE7B71D015F630028D511 /* WYRightMenuViewController.m */,
			);
			path = Controller;
			sourceTree = "<group>";
		};
		C214F9751CFEC8B100B78F9E /* Other */ = {
			isa = PBXGroup;
			children = (
				C214F9761CFEC8B100B78F9E /* AppDelegate.h */,
				C214F9771CFEC8B100B78F9E /* AppDelegate.m */,
				C214F9791CFEC8B100B78F9E /* main.m */,
			);
			name = Other;
			path = classes/Other;
			sourceTree = "<group>";
		};
		C214F97A1CFEC8B100B78F9E /* View */ = {
			isa = PBXGroup;
			children = (
				C2AEE7B81D015F630028D511 /* WYRightMenuViewController.xib */,
				C214F97B1CFEC8B100B78F9E /* WYLeftMenu.h */,
				C214F97C1CFEC8B100B78F9E /* WYLeftMenu.m */,
				C214F98D1CFEDCE000B78F9E /* WYTitleView.h */,
				C214F98E1CFEDCE000B78F9E /* WYTitleView.m */,
				C26EE3CD1D00295B00CB5E97 /* WYLeftMenuButton.h */,
				C26EE3CE1D00295B00CB5E97 /* WYLeftMenuButton.m */,
				C26EE3D21D005C9300CB5E97 /* WYNavigationBar.h */,
				C26EE3D31D005C9300CB5E97 /* WYNavigationBar.m */,
				C2AEE7BE1D01B2AB0028D511 /* WYRightMenuCenterViewRow.h */,
				C2AEE7BF1D01B2AB0028D511 /* WYRightMenuCenterViewRow.m */,
				C2AEE7C11D01B2F10028D511 /* WYRightMenuCenterViewRow.xib */,
			);
			path = View;
			sourceTree = "<group>";
		};
/* End PBXGroup section */

/* Begin PBXNativeTarget section */
		C214F91F1CFE7B6600B78F9E /* WYNews */ = {
			isa = PBXNativeTarget;
			buildConfigurationList = C214F94D1CFE7B6600B78F9E /* Build configuration list for PBXNativeTarget "WYNews" */;
			buildPhases = (
				C214F91C1CFE7B6600B78F9E /* Sources */,
				C214F91D1CFE7B6600B78F9E /* Frameworks */,
				C214F91E1CFE7B6600B78F9E /* Resources */,
			);
			buildRules = (
			);
			dependencies = (
			);
			name = WYNews;
			productName = WYNews;
			productReference = C214F9201CFE7B6600B78F9E /* 郭慧峰新闻.app */;
			productType = "com.apple.product-type.application";
		};
		C214F9381CFE7B6600B78F9E /* WYNewsTests */ = {
			isa = PBXNativeTarget;
			buildConfigurationList = C214F9501CFE7B6600B78F9E /* Build configuration list for PBXNativeTarget "WYNewsTests" */;
			buildPhases = (
				C214F9351CFE7B6600B78F9E /* Sources */,
				C214F9361CFE7B6600B78F9E /* Frameworks */,
				C214F9371CFE7B6600B78F9E /* Resources */,
			);
			buildRules = (
			);
			dependencies = (
				C214F93B1CFE7B6600B78F9E /* PBXTargetDependency */,
			);
			name = WYNewsTests;
			productName = WYNewsTests;
			productReference = C214F9391CFE7B6600B78F9E /* WYNewsTests.xctest */;
			productType = "com.apple.product-type.bundle.unit-test";
		};
		C214F9431CFE7B6600B78F9E /* WYNewsUITests */ = {
			isa = PBXNativeTarget;
			buildConfigurationList = C214F9531CFE7B6600B78F9E /* Build configuration list for PBXNativeTarget "WYNewsUITests" */;
			buildPhases = (
				C214F9401CFE7B6600B78F9E /* Sources */,
				C214F9411CFE7B6600B78F9E /* Frameworks */,
				C214F9421CFE7B6600B78F9E /* Resources */,
			);
			buildRules = (
			);
			dependencies = (
				C214F9461CFE7B6600B78F9E /* PBXTargetDependency */,
			);
			name = WYNewsUITests;
			productName = WYNewsUITests;
			productReference = C214F9441CFE7B6600B78F9E /* WYNewsUITests.xctest */;
			productType = "com.apple.product-type.bundle.ui-testing";
		};
/* End PBXNativeTarget section */

/* Begin PBXProject section */
		C214F9181CFE7B6600B78F9E /* Project object */ = {
			isa = PBXProject;
			attributes = {
				LastUpgradeCheck = 0720;
				ORGANIZATIONNAME = dabbyGHF;
				TargetAttributes = {
					C214F91F1CFE7B6600B78F9E = {
						CreatedOnToolsVersion = 7.2.1;
						DevelopmentTeam = S4V8H4478D;
					};
					C214F9381CFE7B6600B78F9E = {
						CreatedOnToolsVersion = 7.2.1;
						DevelopmentTeam = S4V8H4478D;
						TestTargetID = C214F91F1CFE7B6600B78F9E;
					};
					C214F9431CFE7B6600B78F9E = {
						CreatedOnToolsVersion = 7.2.1;
						DevelopmentTeam = S4V8H4478D;
						TestTargetID = C214F91F1CFE7B6600B78F9E;
					};
				};
			};
			buildConfigurationList = C214F91B1CFE7B6600B78F9E /* Build configuration list for PBXProject "WYNews" */;
			compatibilityVersion = "Xcode 3.2";
			developmentRegion = English;
			hasScannedForEncodings = 0;
			knownRegions = (
				en,
				Base,
			);
			mainGroup = C214F9171CFE7B6600B78F9E;
			productRefGroup = C214F9211CFE7B6600B78F9E /* Products */;
			projectDirPath = "";
			projectRoot = "";
			targets = (
				C214F91F1CFE7B6600B78F9E /* WYNews */,
				C214F9381CFE7B6600B78F9E /* WYNewsTests */,
				C214F9431CFE7B6600B78F9E /* WYNewsUITests */,
			);
		};
/* End PBXProject section */

/* Begin PBXResourcesBuildPhase section */
		C214F91E1CFE7B6600B78F9E /* Resources */ = {
			isa = PBXResourcesBuildPhase;
			buildActionMask = 2147483647;
			files = (
				C2AEE7BA1D015F630028D511 /* WYRightMenuViewController.xib in Resources */,
				C214F9861CFEC91900B78F9E /* Info.plist in Resources */,
				C2AEE7C21D01B2F10028D511 /* WYRightMenuCenterViewRow.xib in Resources */,
				C214F9331CFE7B6600B78F9E /* LaunchScreen.storyboard in Resources */,
				C214F9301CFE7B6600B78F9E /* Assets.xcassets in Resources */,
				C214F92E1CFE7B6600B78F9E /* Main.storyboard in Resources */,
			);
			runOnlyForDeploymentPostprocessing = 0;
		};
		C214F9371CFE7B6600B78F9E /* Resources */ = {
			isa = PBXResourcesBuildPhase;
			buildActionMask = 2147483647;
			files = (
			);
			runOnlyForDeploymentPostprocessing = 0;
		};
		C214F9421CFE7B6600B78F9E /* Resources */ = {
			isa = PBXResourcesBuildPhase;
			buildActionMask = 2147483647;
			files = (
			);
			runOnlyForDeploymentPostprocessing = 0;
		};
/* End PBXResourcesBuildPhase section */

/* Begin PBXSourcesBuildPhase section */
		C214F91C1CFE7B6600B78F9E /* Sources */ = {
			isa = PBXSourcesBuildPhase;
			buildActionMask = 2147483647;
			files = (
				C214F97F1CFEC8B100B78F9E /* WYMainViewController.m in Sources */,
				C2AEE7C01D01B2AB0028D511 /* WYRightMenuCenterViewRow.m in Sources */,
				C214F97E1CFEC8B100B78F9E /* UIView+Extension.m in Sources */,
				C2AEE7B91D015F630028D511 /* WYRightMenuViewController.m in Sources */,
				C26EE3CF1D00295B00CB5E97 /* WYLeftMenuButton.m in Sources */,
				C214F99E1CFEF0B600B78F9E /* WYNewsTableViewController.m in Sources */,
				C214F97D1CFEC8B100B78F9E /* UIImage+color.m in Sources */,
				C214F9841CFEC8B100B78F9E /* WYLeftMenu.m in Sources */,
				C26EE3D41D005C9300CB5E97 /* WYNavigationBar.m in Sources */,
				C214F9801CFEC8B100B78F9E /* WYNavigationController.m in Sources */,
				C214F9A11CFF06DF00B78F9E /* UIBarButtonItem+Extension.m in Sources */,
				C214F98F1CFEDCE000B78F9E /* WYTitleView.m in Sources */,
				C214F9831CFEC8B100B78F9E /* main.m in Sources */,
				C26EE3CC1CFFD6B100CB5E97 /* WYReadingTableViewController.m in Sources */,
				C214F9811CFEC8B100B78F9E /* AppDelegate.m in Sources */,
			);
			runOnlyForDeploymentPostprocessing = 0;
		};
		C214F9351CFE7B6600B78F9E /* Sources */ = {
			isa = PBXSourcesBuildPhase;
			buildActionMask = 2147483647;
			files = (
				C214F93E1CFE7B6600B78F9E /* WYNewsTests.m in Sources */,
			);
			runOnlyForDeploymentPostprocessing = 0;
		};
		C214F9401CFE7B6600B78F9E /* Sources */ = {
			isa = PBXSourcesBuildPhase;
			buildActionMask = 2147483647;
			files = (
				C214F9491CFE7B6600B78F9E /* WYNewsUITests.m in Sources */,
			);
			runOnlyForDeploymentPostprocessing = 0;
		};
/* End PBXSourcesBuildPhase section */

/* Begin PBXTargetDependency section */
		C214F93B1CFE7B6600B78F9E /* PBXTargetDependency */ = {
			isa = PBXTargetDependency;
			target = C214F91F1CFE7B6600B78F9E /* WYNews */;
			targetProxy = C214F93A1CFE7B6600B78F9E /* PBXContainerItemProxy */;
		};
		C214F9461CFE7B6600B78F9E /* PBXTargetDependency */ = {
			isa = PBXTargetDependency;
			target = C214F91F1CFE7B6600B78F9E /* WYNews */;
			targetProxy = C214F9451CFE7B6600B78F9E /* PBXContainerItemProxy */;
		};
/* End PBXTargetDependency section */

/* Begin PBXVariantGroup section */
		C214F92C1CFE7B6600B78F9E /* Main.storyboard */ = {
			isa = PBXVariantGroup;
			children = (
				C214F92D1CFE7B6600B78F9E /* Base */,
			);
			name = Main.storyboard;
			sourceTree = "<group>";
		};
		C214F9311CFE7B6600B78F9E /* LaunchScreen.storyboard */ = {
			isa = PBXVariantGroup;
			children = (
				C214F9321CFE7B6600B78F9E /* Base */,
			);
			name = LaunchScreen.storyboard;
			sourceTree = "<group>";
		};
/* End PBXVariantGroup section */

/* Begin XCBuildConfiguration section */
		C214F94B1CFE7B6600B78F9E /* Debug */ = {
			isa = XCBuildConfiguration;
			buildSettings = {
				ALWAYS_SEARCH_USER_PATHS = NO;
				CLANG_CXX_LANGUAGE_STANDARD = "gnu++0x";
				CLANG_CXX_LIBRARY = "libc++";
				CLANG_ENABLE_MODULES = YES;
				CLANG_ENABLE_OBJC_ARC = YES;
				CLANG_WARN_BOOL_CONVERSION = YES;
				CLANG_WARN_CONSTANT_CONVERSION = YES;
				CLANG_WARN_DIRECT_OBJC_ISA_USAGE = YES_ERROR;
				CLANG_WARN_EMPTY_BODY = YES;
				CLANG_WARN_ENUM_CONVERSION = YES;
				CLANG_WARN_INT_CONVERSION = YES;
				CLANG_WARN_OBJC_ROOT_CLASS = YES_ERROR;
				CLANG_WARN_UNREACHABLE_CODE = YES;
				CLANG_WARN__DUPLICATE_METHOD_MATCH = YES;
				"CODE_SIGN_IDENTITY[sdk=iphoneos*]" = "iPhone Developer";
				COPY_PHASE_STRIP = NO;
				DEBUG_INFORMATION_FORMAT = dwarf;
				ENABLE_STRICT_OBJC_MSGSEND = YES;
				ENABLE_TESTABILITY = YES;
				GCC_C_LANGUAGE_STANDARD = gnu99;
				GCC_DYNAMIC_NO_PIC = NO;
				GCC_NO_COMMON_BLOCKS = YES;
				GCC_OPTIMIZATION_LEVEL = 0;
				GCC_PREPROCESSOR_DEFINITIONS = (
					"DEBUG=1",
					"$(inherited)",
				);
				GCC_WARN_64_TO_32_BIT_CONVERSION = YES;
				GCC_WARN_ABOUT_RETURN_TYPE = YES_ERROR;
				GCC_WARN_UNDECLARED_SELECTOR = YES;
				GCC_WARN_UNINITIALIZED_AUTOS = YES_AGGRESSIVE;
				GCC_WARN_UNUSED_FUNCTION = YES;
				GCC_WARN_UNUSED_VARIABLE = YES;
				IPHONEOS_DEPLOYMENT_TARGET = 9.2;
				MTL_ENABLE_DEBUG_INFO = YES;
				ONLY_ACTIVE_ARCH = YES;
				SDKROOT = iphoneos;
			};
			name = Debug;
		};
		C214F94C1CFE7B6600B78F9E /* Release */ = {
			isa = XCBuildConfiguration;
			buildSettings = {
				ALWAYS_SEARCH_USER_PATHS = NO;
				CLANG_CXX_LANGUAGE_STANDARD = "gnu++0x";
				CLANG_CXX_LIBRARY = "libc++";
				CLANG_ENABLE_MODULES = YES;
				CLANG_ENABLE_OBJC_ARC = YES;
				CLANG_WARN_BOOL_CONVERSION = YES;
				CLANG_WARN_CONSTANT_CONVERSION = YES;
				CLANG_WARN_DIRECT_OBJC_ISA_USAGE = YES_ERROR;
				CLANG_WARN_EMPTY_BODY = YES;
				CLANG_WARN_ENUM_CONVERSION = YES;
				CLANG_WARN_INT_CONVERSION = YES;
				CLANG_WARN_OBJC_ROOT_CLASS = YES_ERROR;
				CLANG_WARN_UNREACHABLE_CODE = YES;
				CLANG_WARN__DUPLICATE_METHOD_MATCH = YES;
				"CODE_SIGN_IDENTITY[sdk=iphoneos*]" = "iPhone Developer";
				COPY_PHASE_STRIP = NO;
				DEBUG_INFORMATION_FORMAT = "dwarf-with-dsym";
				ENABLE_NS_ASSERTIONS = NO;
				ENABLE_STRICT_OBJC_MSGSEND = YES;
				GCC_C_LANGUAGE_STANDARD = gnu99;
				GCC_NO_COMMON_BLOCKS = YES;
				GCC_WARN_64_TO_32_BIT_CONVERSION = YES;
				GCC_WARN_ABOUT_RETURN_TYPE = YES_ERROR;
				GCC_WARN_UNDECLARED_SELECTOR = YES;
				GCC_WARN_UNINITIALIZED_AUTOS = YES_AGGRESSIVE;
				GCC_WARN_UNUSED_FUNCTION = YES;
				GCC_WARN_UNUSED_VARIABLE = YES;
				IPHONEOS_DEPLOYMENT_TARGET = 9.2;
				MTL_ENABLE_DEBUG_INFO = NO;
				SDKROOT = iphoneos;
				VALIDATE_PRODUCT = YES;
			};
			name = Release;
		};
		C214F94E1CFE7B6600B78F9E /* Debug */ = {
			isa = XCBuildConfiguration;
			buildSettings = {
				ASSETCATALOG_COMPILER_APPICON_NAME = AppIcon;
				ASSETCATALOG_COMPILER_LAUNCHIMAGE_NAME = LaunchImage;
				GCC_PRECOMPILE_PREFIX_HEADER = YES;
				GCC_PREFIX_HEADER = PrefixHeader.pch;
				INFOPLIST_FILE = WYNews/Info.plist;
				IPHONEOS_DEPLOYMENT_TARGET = 8.0;
				LD_RUNPATH_SEARCH_PATHS = "$(inherited) @executable_path/Frameworks";
				PRODUCT_BUNDLE_IDENTIFIER = com.ghf.WYnews;
				PRODUCT_NAME = "郭慧峰新闻";
			};
			name = Debug;
		};
		C214F94F1CFE7B6600B78F9E /* Release */ = {
			isa = XCBuildConfiguration;
			buildSettings = {
				ASSETCATALOG_COMPILER_APPICON_NAME = AppIcon;
				ASSETCATALOG_COMPILER_LAUNCHIMAGE_NAME = LaunchImage;
				GCC_PRECOMPILE_PREFIX_HEADER = YES;
				GCC_PREFIX_HEADER = PrefixHeader.pch;
				INFOPLIST_FILE = WYNews/Info.plist;
				IPHONEOS_DEPLOYMENT_TARGET = 8.0;
				LD_RUNPATH_SEARCH_PATHS = "$(inherited) @executable_path/Frameworks";
				PRODUCT_BUNDLE_IDENTIFIER = com.ghf.WYnews;
				PRODUCT_NAME = "郭慧峰新闻";
			};
			name = Release;
		};
		C214F9511CFE7B6600B78F9E /* Debug */ = {
			isa = XCBuildConfiguration;
			buildSettings = {
				BUNDLE_LOADER = "$(TEST_HOST)";
				INFOPLIST_FILE = WYNewsTests/Info.plist;
				LD_RUNPATH_SEARCH_PATHS = "$(inherited) @executable_path/Frameworks @loader_path/Frameworks";
				PRODUCT_BUNDLE_IDENTIFIER = com.ghf.WYNewsTests;
				PRODUCT_NAME = "$(TARGET_NAME)";
				TEST_HOST = "$(BUILT_PRODUCTS_DIR)/WYNews.app/WYNews";
			};
			name = Debug;
		};
		C214F9521CFE7B6600B78F9E /* Release */ = {
			isa = XCBuildConfiguration;
			buildSettings = {
				BUNDLE_LOADER = "$(TEST_HOST)";
				INFOPLIST_FILE = WYNewsTests/Info.plist;
				LD_RUNPATH_SEARCH_PATHS = "$(inherited) @executable_path/Frameworks @loader_path/Frameworks";
				PRODUCT_BUNDLE_IDENTIFIER = com.ghf.WYNewsTests;
				PRODUCT_NAME = "$(TARGET_NAME)";
				TEST_HOST = "$(BUILT_PRODUCTS_DIR)/WYNews.app/WYNews";
			};
			name = Release;
		};
		C214F9541CFE7B6600B78F9E /* Debug */ = {
			isa = XCBuildConfiguration;
			buildSettings = {
				INFOPLIST_FILE = WYNewsUITests/Info.plist;
				LD_RUNPATH_SEARCH_PATHS = "$(inherited) @executable_path/Frameworks @loader_path/Frameworks";
				PRODUCT_BUNDLE_IDENTIFIER = com.ghf.WYNewsUITests;
				PRODUCT_NAME = "$(TARGET_NAME)";
				TEST_TARGET_NAME = WYNews;
				USES_XCTRUNNER = YES;
			};
			name = Debug;
		};
		C214F9551CFE7B6600B78F9E /* Release */ = {
			isa = XCBuildConfiguration;
			buildSettings = {
				INFOPLIST_FILE = WYNewsUITests/Info.plist;
				LD_RUNPATH_SEARCH_PATHS = "$(inherited) @executable_path/Frameworks @loader_path/Frameworks";
				PRODUCT_BUNDLE_IDENTIFIER = com.ghf.WYNewsUITests;
				PRODUCT_NAME = "$(TARGET_NAME)";
				TEST_TARGET_NAME = WYNews;
				USES_XCTRUNNER = YES;
			};
			name = Release;
		};
/* End XCBuildConfiguration section */

/* Begin XCConfigurationList section */
		C214F91B1CFE7B6600B78F9E /* Build configuration list for PBXProject "WYNews" */ = {
			isa = XCConfigurationList;
			buildConfigurations = (
				C214F94B1CFE7B6600B78F9E /* Debug */,
				C214F94C1CFE7B6600B78F9E /* Release */,
			);
			defaultConfigurationIsVisible = 0;
			defaultConfigurationName = Release;
		};
		C214F94D1CFE7B6600B78F9E /* Build configuration list for PBXNativeTarget "WYNews" */ = {
			isa = XCConfigurationList;
			buildConfigurations = (
				C214F94E1CFE7B6600B78F9E /* Debug */,
				C214F94F1CFE7B6600B78F9E /* Release */,
			);
			defaultConfigurationIsVisible = 0;
			defaultConfigurationName = Release;
		};
		C214F9501CFE7B6600B78F9E /* Build configuration list for PBXNativeTarget "WYNewsTests" */ = {
			isa = XCConfigurationList;
			buildConfigurations = (
				C214F9511CFE7B6600B78F9E /* Debug */,
				C214F9521CFE7B6600B78F9E /* Release */,
			);
			defaultConfigurationIsVisible = 0;
			defaultConfigurationName = Release;
		};
		C214F9531CFE7B6600B78F9E /* Build configuration list for PBXNativeTarget "WYNewsUITests" */ = {
			isa = XCConfigurationList;
			buildConfigurations = (
				C214F9541CFE7B6600B78F9E /* Debug */,
				C214F9551CFE7B6600B78F9E /* Release */,
			);
			defaultConfigurationIsVisible = 0;
			defaultConfigurationName = Release;
		};
/* End XCConfigurationList section */
	};
	rootObject = C214F9181CFE7B6600B78F9E /* Project object */;
}
